// !$*UTF8*$!
{
	archiveVersion = 1;
	classes = {
	};
	objectVersion = 70;
	objects = {

/* Begin PBXBuildFile section */
		CC02D49E2C683D8A00C9A9ED /* Artifan_POCApp.swift in Sources */ = {isa = PBXBuildFile; fileRef = CC02D49D2C683D8A00C9A9ED /* Artifan_POCApp.swift */; };
		CC02D4A22C683D8A00C9A9ED /* Assets.xcassets in Resources */ = {isa = PBXBuildFile; fileRef = CC02D4A12C683D8A00C9A9ED /* Assets.xcassets */; };
		CC02D4A52C683D8A00C9A9ED /* Preview Assets.xcassets in Resources */ = {isa = PBXBuildFile; fileRef = CC02D4A42C683D8A00C9A9ED /* Preview Assets.xcassets */; };
		CC02D4AE2C683E1F00C9A9ED /* ShowsViewmodel.swift in Sources */ = {isa = PBXBuildFile; fileRef = CC02D4AD2C683E1F00C9A9ED /* ShowsViewmodel.swift */; };
		CC02D4B12C683E3900C9A9ED /* ShowsResponseDTO.swift in Sources */ = {isa = PBXBuildFile; fileRef = CC02D4B02C683E3900C9A9ED /* ShowsResponseDTO.swift */; };
		CC02D4B32C683E9D00C9A9ED /* ListShowsScreen.swift in Sources */ = {isa = PBXBuildFile; fileRef = CC02D4B22C683E9D00C9A9ED /* ListShowsScreen.swift */; };
		CC2FB7152CABA41300A66921 /* AlertToast in Frameworks */ = {isa = PBXBuildFile; productRef = CC2FB7142CABA41300A66921 /* AlertToast */; };
		CC5B2B962C703AB900F555B5 /* ShowView.swift in Sources */ = {isa = PBXBuildFile; fileRef = CC5B2B952C703AB900F555B5 /* ShowView.swift */; };
		CC7B32142C6D8AE2001D3187 /* ShowModel.swift in Sources */ = {isa = PBXBuildFile; fileRef = CC7B32132C6D8AE2001D3187 /* ShowModel.swift */; };
		CC808CBA2CAA5817000124F4 /* LaunchScreen.storyboard in Resources */ = {isa = PBXBuildFile; fileRef = CC808CB92CAA5817000124F4 /* LaunchScreen.storyboard */; };
		CC808CBD2CAA5AAE000124F4 /* Lottie in Frameworks */ = {isa = PBXBuildFile; productRef = CC808CBC2CAA5AAE000124F4 /* Lottie */; };
		CCDF729F2C6AD6F20084BD94 /* EnvironmentManager.swift in Sources */ = {isa = PBXBuildFile; fileRef = CCDF729E2C6AD6F20084BD94 /* EnvironmentManager.swift */; };
		CCDF72A12C6AE5A70084BD94 /* ApiManager.swift in Sources */ = {isa = PBXBuildFile; fileRef = CCDF72A02C6AE5A70084BD94 /* ApiManager.swift */; };
		CCFC6E2A2C7177E6003089CE /* LocalStorageManager.swift in Sources */ = {isa = PBXBuildFile; fileRef = CCFC6E292C7177E6003089CE /* LocalStorageManager.swift */; };
		CCFC6E2D2C717DF6003089CE /* Kingfisher in Frameworks */ = {isa = PBXBuildFile; productRef = CCFC6E2C2C717DF6003089CE /* Kingfisher */; };
/* End PBXBuildFile section */

/* Begin PBXFileReference section */
		CC02D49A2C683D8A00C9A9ED /* Artifan-POC.app */ = {isa = PBXFileReference; explicitFileType = wrapper.application; includeInIndex = 0; path = "Artifan-POC.app"; sourceTree = BUILT_PRODUCTS_DIR; };
		CC02D49D2C683D8A00C9A9ED /* Artifan_POCApp.swift */ = {isa = PBXFileReference; lastKnownFileType = sourcecode.swift; path = Artifan_POCApp.swift; sourceTree = "<group>"; };
		CC02D4A12C683D8A00C9A9ED /* Assets.xcassets */ = {isa = PBXFileReference; lastKnownFileType = folder.assetcatalog; path = Assets.xcassets; sourceTree = "<group>"; };
		CC02D4A42C683D8A00C9A9ED /* Preview Assets.xcassets */ = {isa = PBXFileReference; lastKnownFileType = folder.assetcatalog; path = "Preview Assets.xcassets"; sourceTree = "<group>"; };
		CC02D4AD2C683E1F00C9A9ED /* ShowsViewmodel.swift */ = {isa = PBXFileReference; lastKnownFileType = sourcecode.swift; path = ShowsViewmodel.swift; sourceTree = "<group>"; };
		CC02D4B02C683E3900C9A9ED /* ShowsResponseDTO.swift */ = {isa = PBXFileReference; lastKnownFileType = sourcecode.swift; path = ShowsResponseDTO.swift; sourceTree = "<group>"; };
		CC02D4B22C683E9D00C9A9ED /* ListShowsScreen.swift */ = {isa = PBXFileReference; lastKnownFileType = sourcecode.swift; path = ListShowsScreen.swift; sourceTree = "<group>"; };
		CC5B2B952C703AB900F555B5 /* ShowView.swift */ = {isa = PBXFileReference; lastKnownFileType = sourcecode.swift; path = ShowView.swift; sourceTree = "<group>"; };
		CC7B32132C6D8AE2001D3187 /* ShowModel.swift */ = {isa = PBXFileReference; lastKnownFileType = sourcecode.swift; path = ShowModel.swift; sourceTree = "<group>"; };
		CC808CB92CAA5817000124F4 /* LaunchScreen.storyboard */ = {isa = PBXFileReference; lastKnownFileType = file.storyboard; path = LaunchScreen.storyboard; sourceTree = "<group>"; };
		CCDF729B2C6AD3620084BD94 /* Dev.xcconfig */ = {isa = PBXFileReference; lastKnownFileType = text.xcconfig; path = Dev.xcconfig; sourceTree = "<group>"; };
		CCDF729C2C6AD37C0084BD94 /* Release.xcconfig */ = {isa = PBXFileReference; lastKnownFileType = text.xcconfig; path = Release.xcconfig; sourceTree = "<group>"; };
		CCDF729D2C6AD46E0084BD94 /* Info.plist */ = {isa = PBXFileReference; lastKnownFileType = text.plist; path = Info.plist; sourceTree = "<group>"; };
		CCDF729E2C6AD6F20084BD94 /* EnvironmentManager.swift */ = {isa = PBXFileReference; lastKnownFileType = sourcecode.swift; path = EnvironmentManager.swift; sourceTree = "<group>"; };
		CCDF72A02C6AE5A70084BD94 /* ApiManager.swift */ = {isa = PBXFileReference; lastKnownFileType = sourcecode.swift; path = ApiManager.swift; sourceTree = "<group>"; };
		CCFC6E292C7177E6003089CE /* LocalStorageManager.swift */ = {isa = PBXFileReference; lastKnownFileType = sourcecode.swift; path = LocalStorageManager.swift; sourceTree = "<group>"; };
/* End PBXFileReference section */

/* Begin PBXFileSystemSynchronizedRootGroup section */
		CC2FB7162CABAD0D00A66921 /* AFActionButtonsFooter */ = {isa = PBXFileSystemSynchronizedRootGroup; explicitFileTypes = {}; explicitFolders = (); path = AFActionButtonsFooter; sourceTree = "<group>"; };
		CC808CBE2CAA5AB3000124F4 /* LottieView */ = {isa = PBXFileSystemSynchronizedRootGroup; explicitFileTypes = {}; explicitFolders = (); path = LottieView; sourceTree = "<group>"; };
		CC808CC52CAA5B62000124F4 /* Splash */ = {isa = PBXFileSystemSynchronizedRootGroup; explicitFileTypes = {}; explicitFolders = (); path = Splash; sourceTree = "<group>"; };
		CC808CCC2CAA5BBE000124F4 /* Extensions */ = {isa = PBXFileSystemSynchronizedRootGroup; explicitFileTypes = {}; explicitFolders = (); path = Extensions; sourceTree = "<group>"; };
		CC808CCF2CAA5C07000124F4 /* Coordinator */ = {isa = PBXFileSystemSynchronizedRootGroup; explicitFileTypes = {}; explicitFolders = (); path = Coordinator; sourceTree = "<group>"; };
		CCEB5B742CA882FB00DCC521 /* Dashboard */ = {isa = PBXFileSystemSynchronizedRootGroup; explicitFileTypes = {}; explicitFolders = (); path = Dashboard; sourceTree = "<group>"; };
		CCEB5B852CA9846F00DCC521 /* AlertError */ = {isa = PBXFileSystemSynchronizedRootGroup; explicitFileTypes = {}; explicitFolders = (); path = AlertError; sourceTree = "<group>"; };
		CCEB5B8A2CA98A0200DCC521 /* AFGridItems */ = {isa = PBXFileSystemSynchronizedRootGroup; explicitFileTypes = {}; explicitFolders = (); path = AFGridItems; sourceTree = "<group>"; };
/* End PBXFileSystemSynchronizedRootGroup section */

/* Begin PBXFrameworksBuildPhase section */
		CC02D4972C683D8900C9A9ED /* Frameworks */ = {
			isa = PBXFrameworksBuildPhase;
			buildActionMask = 2147483647;
			files = (
				CC2FB7152CABA41300A66921 /* AlertToast in Frameworks */,
				CCFC6E2D2C717DF6003089CE /* Kingfisher in Frameworks */,
				CC808CBD2CAA5AAE000124F4 /* Lottie in Frameworks */,
			);
			runOnlyForDeploymentPostprocessing = 0;
		};
/* End PBXFrameworksBuildPhase section */

/* Begin PBXGroup section */
		CC02D4912C683D8900C9A9ED = {
			isa = PBXGroup;
			children = (
				CC02D49C2C683D8A00C9A9ED /* Artifan-POC */,
				CC02D49B2C683D8A00C9A9ED /* Products */,
				CCBA6DD72C9C4A96009FD130 /* Frameworks */,
			);
			sourceTree = "<group>";
		};
		CC02D49B2C683D8A00C9A9ED /* Products */ = {
			isa = PBXGroup;
			children = (
				CC02D49A2C683D8A00C9A9ED /* Artifan-POC.app */,
			);
			name = Products;
			sourceTree = "<group>";
		};
		CC02D49C2C683D8A00C9A9ED /* Artifan-POC */ = {
			isa = PBXGroup;
			children = (
				CC02D49D2C683D8A00C9A9ED /* Artifan_POCApp.swift */,
				CC808CB92CAA5817000124F4 /* LaunchScreen.storyboard */,
				CCDF729D2C6AD46E0084BD94 /* Info.plist */,
				CCDF729A2C6AD33E0084BD94 /* Configuration */,
				CC2A93692C9125F500447D69 /* Source */,
				CC02D4A12C683D8A00C9A9ED /* Assets.xcassets */,
				CC02D4A32C683D8A00C9A9ED /* Preview Content */,
			);
			path = "Artifan-POC";
			sourceTree = "<group>";
		};
		CC02D4A32C683D8A00C9A9ED /* Preview Content */ = {
			isa = PBXGroup;
			children = (
				CC02D4A42C683D8A00C9A9ED /* Preview Assets.xcassets */,
			);
			path = "Preview Content";
			sourceTree = "<group>";
		};
		CC02D4AB2C683E0900C9A9ED /* Modules */ = {
			isa = PBXGroup;
			children = (
				CC808CC52CAA5B62000124F4 /* Splash */,
				CCEB5B742CA882FB00DCC521 /* Dashboard */,
				CC02D4AF2C683E2E00C9A9ED /* Shows */,
			);
			path = Modules;
			sourceTree = "<group>";
		};
		CC02D4AF2C683E2E00C9A9ED /* Shows */ = {
			isa = PBXGroup;
			children = (
				CC02D4AD2C683E1F00C9A9ED /* ShowsViewmodel.swift */,
				CC02D4B02C683E3900C9A9ED /* ShowsResponseDTO.swift */,
				CC7B32132C6D8AE2001D3187 /* ShowModel.swift */,
				CC02D4B22C683E9D00C9A9ED /* ListShowsScreen.swift */,
				CC5B2B952C703AB900F555B5 /* ShowView.swift */,
			);
			path = Shows;
			sourceTree = "<group>";
		};
		CC2A93662C9115E900447D69 /* Components */ = {
			isa = PBXGroup;
			children = (
				CC2FB7162CABAD0D00A66921 /* AFActionButtonsFooter */,
				CC808CBE2CAA5AB3000124F4 /* LottieView */,
				CCEB5B8A2CA98A0200DCC521 /* AFGridItems */,
				CCEB5B852CA9846F00DCC521 /* AlertError */,
			);
			path = Components;
			sourceTree = "<group>";
		};
		CC2A93692C9125F500447D69 /* Source */ = {
			isa = PBXGroup;
			children = (
				CC808CCF2CAA5C07000124F4 /* Coordinator */,
				CC808CCC2CAA5BBE000124F4 /* Extensions */,
				CCDF72A02C6AE5A70084BD94 /* ApiManager.swift */,
				CCDF729E2C6AD6F20084BD94 /* EnvironmentManager.swift */,
				CCFC6E292C7177E6003089CE /* LocalStorageManager.swift */,
				CC2A93662C9115E900447D69 /* Components */,
				CC02D4AB2C683E0900C9A9ED /* Modules */,
			);
			path = Source;
			sourceTree = "<group>";
		};
		CCBA6DD72C9C4A96009FD130 /* Frameworks */ = {
			isa = PBXGroup;
			children = (
			);
			name = Frameworks;
			sourceTree = "<group>";
		};
		CCDF729A2C6AD33E0084BD94 /* Configuration */ = {
			isa = PBXGroup;
			children = (
				CCDF729B2C6AD3620084BD94 /* Dev.xcconfig */,
				CCDF729C2C6AD37C0084BD94 /* Release.xcconfig */,
			);
			path = Configuration;
			sourceTree = "<group>";
		};
/* End PBXGroup section */

/* Begin PBXNativeTarget section */
		CC02D4992C683D8900C9A9ED /* Artifan-POC */ = {
			isa = PBXNativeTarget;
			buildConfigurationList = CC02D4A82C683D8A00C9A9ED /* Build configuration list for PBXNativeTarget "Artifan-POC" */;
			buildPhases = (
				CC02D4962C683D8900C9A9ED /* Sources */,
				CC02D4972C683D8900C9A9ED /* Frameworks */,
				CC02D4982C683D8900C9A9ED /* Resources */,
			);
			buildRules = (
			);
			dependencies = (
			);
			fileSystemSynchronizedGroups = (
				CC2FB7162CABAD0D00A66921 /* AFActionButtonsFooter */,
				CC808CBE2CAA5AB3000124F4 /* LottieView */,
				CC808CC52CAA5B62000124F4 /* Splash */,
				CC808CCC2CAA5BBE000124F4 /* Extensions */,
				CC808CCF2CAA5C07000124F4 /* Coordinator */,
				CCEB5B742CA882FB00DCC521 /* Dashboard */,
				CCEB5B852CA9846F00DCC521 /* AlertError */,
				CCEB5B8A2CA98A0200DCC521 /* AFGridItems */,
			);
			name = "Artifan-POC";
			packageProductDependencies = (
				CCFC6E2C2C717DF6003089CE /* Kingfisher */,
				CC808CBC2CAA5AAE000124F4 /* Lottie */,
				CC2FB7142CABA41300A66921 /* AlertToast */,
			);
			productName = "Artifan-POC";
			productReference = CC02D49A2C683D8A00C9A9ED /* Artifan-POC.app */;
			productType = "com.apple.product-type.application";
		};
/* End PBXNativeTarget section */

/* Begin PBXProject section */
		CC02D4922C683D8900C9A9ED /* Project object */ = {
			isa = PBXProject;
			attributes = {
				BuildIndependentTargetsInParallel = 1;
				LastSwiftUpdateCheck = 1540;
				LastUpgradeCheck = 1540;
				TargetAttributes = {
					CC02D4992C683D8900C9A9ED = {
						CreatedOnToolsVersion = 15.4;
					};
				};
			};
			buildConfigurationList = CC02D4952C683D8900C9A9ED /* Build configuration list for PBXProject "Artifan-POC" */;
			compatibilityVersion = "Xcode 14.0";
			developmentRegion = en;
			hasScannedForEncodings = 0;
			knownRegions = (
				en,
				Base,
			);
			mainGroup = CC02D4912C683D8900C9A9ED;
			packageReferences = (
				CCFC6E2B2C717DF6003089CE /* XCRemoteSwiftPackageReference "Kingfisher" */,
				CC808CBB2CAA5AAE000124F4 /* XCRemoteSwiftPackageReference "lottie-ios" */,
				CC2FB7132CABA41300A66921 /* XCRemoteSwiftPackageReference "AlertToast" */,
			);
			productRefGroup = CC02D49B2C683D8A00C9A9ED /* Products */;
			projectDirPath = "";
			projectRoot = "";
			targets = (
				CC02D4992C683D8900C9A9ED /* Artifan-POC */,
			);
		};
/* End PBXProject section */

/* Begin PBXResourcesBuildPhase section */
		CC02D4982C683D8900C9A9ED /* Resources */ = {
			isa = PBXResourcesBuildPhase;
			buildActionMask = 2147483647;
			files = (
				CC808CBA2CAA5817000124F4 /* LaunchScreen.storyboard in Resources */,
				CC02D4A52C683D8A00C9A9ED /* Preview Assets.xcassets in Resources */,
				CC02D4A22C683D8A00C9A9ED /* Assets.xcassets in Resources */,
			);
			runOnlyForDeploymentPostprocessing = 0;
		};
/* End PBXResourcesBuildPhase section */

/* Begin PBXSourcesBuildPhase section */
		CC02D4962C683D8900C9A9ED /* Sources */ = {
			isa = PBXSourcesBuildPhase;
			buildActionMask = 2147483647;
			files = (
				CCFC6E2A2C7177E6003089CE /* LocalStorageManager.swift in Sources */,
				CC02D4B32C683E9D00C9A9ED /* ListShowsScreen.swift in Sources */,
				CCDF729F2C6AD6F20084BD94 /* EnvironmentManager.swift in Sources */,
				CC02D4B12C683E3900C9A9ED /* ShowsResponseDTO.swift in Sources */,
				CCDF72A12C6AE5A70084BD94 /* ApiManager.swift in Sources */,
				CC02D4AE2C683E1F00C9A9ED /* ShowsViewmodel.swift in Sources */,
				CC5B2B962C703AB900F555B5 /* ShowView.swift in Sources */,
				CC7B32142C6D8AE2001D3187 /* ShowModel.swift in Sources */,
				CC02D49E2C683D8A00C9A9ED /* Artifan_POCApp.swift in Sources */,
			);
			runOnlyForDeploymentPostprocessing = 0;
		};
/* End PBXSourcesBuildPhase section */

/* Begin XCBuildConfiguration section */
		CC02D4A62C683D8A00C9A9ED /* Debug */ = {
			isa = XCBuildConfiguration;
			baseConfigurationReference = CCDF729B2C6AD3620084BD94 /* Dev.xcconfig */;
			buildSettings = {
				ALWAYS_SEARCH_USER_PATHS = NO;
				ASSETCATALOG_COMPILER_GENERATE_SWIFT_ASSET_SYMBOL_EXTENSIONS = YES;
				CLANG_ANALYZER_NONNULL = YES;
				CLANG_ANALYZER_NUMBER_OBJECT_CONVERSION = YES_AGGRESSIVE;
				CLANG_CXX_LANGUAGE_STANDARD = "gnu++20";
				CLANG_ENABLE_MODULES = YES;
				CLANG_ENABLE_OBJC_ARC = YES;
				CLANG_ENABLE_OBJC_WEAK = YES;
				CLANG_WARN_BLOCK_CAPTURE_AUTORELEASING = YES;
				CLANG_WARN_BOOL_CONVERSION = YES;
				CLANG_WARN_COMMA = YES;
				CLANG_WARN_CONSTANT_CONVERSION = YES;
				CLANG_WARN_DEPRECATED_OBJC_IMPLEMENTATIONS = YES;
				CLANG_WARN_DIRECT_OBJC_ISA_USAGE = YES_ERROR;
				CLANG_WARN_DOCUMENTATION_COMMENTS = YES;
				CLANG_WARN_EMPTY_BODY = YES;
				CLANG_WARN_ENUM_CONVERSION = YES;
				CLANG_WARN_INFINITE_RECURSION = YES;
				CLANG_WARN_INT_CONVERSION = YES;
				CLANG_WARN_NON_LITERAL_NULL_CONVERSION = YES;
				CLANG_WARN_OBJC_IMPLICIT_RETAIN_SELF = YES;
				CLANG_WARN_OBJC_LITERAL_CONVERSION = YES;
				CLANG_WARN_OBJC_ROOT_CLASS = YES_ERROR;
				CLANG_WARN_QUOTED_INCLUDE_IN_FRAMEWORK_HEADER = YES;
				CLANG_WARN_RANGE_LOOP_ANALYSIS = YES;
				CLANG_WARN_STRICT_PROTOTYPES = YES;
				CLANG_WARN_SUSPICIOUS_MOVE = YES;
				CLANG_WARN_UNGUARDED_AVAILABILITY = YES_AGGRESSIVE;
				CLANG_WARN_UNREACHABLE_CODE = YES;
				CLANG_WARN__DUPLICATE_METHOD_MATCH = YES;
				COPY_PHASE_STRIP = NO;
				DEBUG_INFORMATION_FORMAT = dwarf;
				ENABLE_STRICT_OBJC_MSGSEND = YES;
				ENABLE_TESTABILITY = YES;
				ENABLE_USER_SCRIPT_SANDBOXING = YES;
				GCC_C_LANGUAGE_STANDARD = gnu17;
				GCC_DYNAMIC_NO_PIC = NO;
				GCC_NO_COMMON_BLOCKS = YES;
				GCC_OPTIMIZATION_LEVEL = 0;
				GCC_PREPROCESSOR_DEFINITIONS = (
					"DEBUG=1",
					"$(inherited)",
				);
				GCC_WARN_64_TO_32_BIT_CONVERSION = YES;
				GCC_WARN_ABOUT_RETURN_TYPE = YES_ERROR;
				GCC_WARN_UNDECLARED_SELECTOR = YES;
				GCC_WARN_UNINITIALIZED_AUTOS = YES_AGGRESSIVE;
				GCC_WARN_UNUSED_FUNCTION = YES;
				GCC_WARN_UNUSED_VARIABLE = YES;
				IPHONEOS_DEPLOYMENT_TARGET = 17.5;
				LOCALIZATION_PREFERS_STRING_CATALOGS = YES;
				MTL_ENABLE_DEBUG_INFO = INCLUDE_SOURCE;
				MTL_FAST_MATH = YES;
				ONLY_ACTIVE_ARCH = YES;
				SDKROOT = iphoneos;
				SWIFT_ACTIVE_COMPILATION_CONDITIONS = "DEBUG $(inherited)";
				SWIFT_OPTIMIZATION_LEVEL = "-Onone";
			};
			name = Debug;
		};
		CC02D4A72C683D8A00C9A9ED /* Release */ = {
			isa = XCBuildConfiguration;
			baseConfigurationReference = CCDF729C2C6AD37C0084BD94 /* Release.xcconfig */;
			buildSettings = {
				ALWAYS_SEARCH_USER_PATHS = NO;
				ASSETCATALOG_COMPILER_GENERATE_SWIFT_ASSET_SYMBOL_EXTENSIONS = YES;
				CLANG_ANALYZER_NONNULL = YES;
				CLANG_ANALYZER_NUMBER_OBJECT_CONVERSION = YES_AGGRESSIVE;
				CLANG_CXX_LANGUAGE_STANDARD = "gnu++20";
				CLANG_ENABLE_MODULES = YES;
				CLANG_ENABLE_OBJC_ARC = YES;
				CLANG_ENABLE_OBJC_WEAK = YES;
				CLANG_WARN_BLOCK_CAPTURE_AUTORELEASING = YES;
				CLANG_WARN_BOOL_CONVERSION = YES;
				CLANG_WARN_COMMA = YES;
				CLANG_WARN_CONSTANT_CONVERSION = YES;
				CLANG_WARN_DEPRECATED_OBJC_IMPLEMENTATIONS = YES;
				CLANG_WARN_DIRECT_OBJC_ISA_USAGE = YES_ERROR;
				CLANG_WARN_DOCUMENTATION_COMMENTS = YES;
				CLANG_WARN_EMPTY_BODY = YES;
				CLANG_WARN_ENUM_CONVERSION = YES;
				CLANG_WARN_INFINITE_RECURSION = YES;
				CLANG_WARN_INT_CONVERSION = YES;
				CLANG_WARN_NON_LITERAL_NULL_CONVERSION = YES;
				CLANG_WARN_OBJC_IMPLICIT_RETAIN_SELF = YES;
				CLANG_WARN_OBJC_LITERAL_CONVERSION = YES;
				CLANG_WARN_OBJC_ROOT_CLASS = YES_ERROR;
				CLANG_WARN_QUOTED_INCLUDE_IN_FRAMEWORK_HEADER = YES;
				CLANG_WARN_RANGE_LOOP_ANALYSIS = YES;
				CLANG_WARN_STRICT_PROTOTYPES = YES;
				CLANG_WARN_SUSPICIOUS_MOVE = YES;
				CLANG_WARN_UNGUARDED_AVAILABILITY = YES_AGGRESSIVE;
				CLANG_WARN_UNREACHABLE_CODE = YES;
				CLANG_WARN__DUPLICATE_METHOD_MATCH = YES;
				COPY_PHASE_STRIP = NO;
				DEBUG_INFORMATION_FORMAT = "dwarf-with-dsym";
				ENABLE_NS_ASSERTIONS = NO;
				ENABLE_STRICT_OBJC_MSGSEND = YES;
				ENABLE_USER_SCRIPT_SANDBOXING = YES;
				GCC_C_LANGUAGE_STANDARD = gnu17;
				GCC_NO_COMMON_BLOCKS = YES;
				GCC_WARN_64_TO_32_BIT_CONVERSION = YES;
				GCC_WARN_ABOUT_RETURN_TYPE = YES_ERROR;
				GCC_WARN_UNDECLARED_SELECTOR = YES;
				GCC_WARN_UNINITIALIZED_AUTOS = YES_AGGRESSIVE;
				GCC_WARN_UNUSED_FUNCTION = YES;
				GCC_WARN_UNUSED_VARIABLE = YES;
				IPHONEOS_DEPLOYMENT_TARGET = 17.5;
				LOCALIZATION_PREFERS_STRING_CATALOGS = YES;
				MTL_ENABLE_DEBUG_INFO = NO;
				MTL_FAST_MATH = YES;
				SDKROOT = iphoneos;
				SWIFT_COMPILATION_MODE = wholemodule;
				VALIDATE_PRODUCT = YES;
			};
			name = Release;
		};
		CC02D4A92C683D8A00C9A9ED /* Debug */ = {
			isa = XCBuildConfiguration;
			buildSettings = {
				ASSETCATALOG_COMPILER_APPICON_NAME = AppIcon;
				ASSETCATALOG_COMPILER_GLOBAL_ACCENT_COLOR_NAME = AccentColor;
				CODE_SIGN_STYLE = Automatic;
				CURRENT_PROJECT_VERSION = 1;
				DEVELOPMENT_ASSET_PATHS = "\"Artifan-POC/Preview Content\"";
				DEVELOPMENT_TEAM = 4G9UQ8D789;
				ENABLE_PREVIEWS = YES;
				GENERATE_INFOPLIST_FILE = YES;
				INFOPLIST_FILE = "Artifan-POC/Info.plist";
				INFOPLIST_KEY_CFBundleDisplayName = "Artifan POC";
				INFOPLIST_KEY_LSApplicationCategoryType = "public.app-category.entertainment";
				INFOPLIST_KEY_UIApplicationSceneManifest_Generation = YES;
				INFOPLIST_KEY_UIApplicationSupportsIndirectInputEvents = YES;
				INFOPLIST_KEY_UILaunchScreen_Generation = YES;
				INFOPLIST_KEY_UISupportedInterfaceOrientations = UIInterfaceOrientationPortrait;
				INFOPLIST_KEY_UISupportedInterfaceOrientations_iPad = "UIInterfaceOrientationLandscapeLeft UIInterfaceOrientationLandscapeRight UIInterfaceOrientationPortrait UIInterfaceOrientationPortraitUpsideDown";
				LD_RUNPATH_SEARCH_PATHS = (
					"$(inherited)",
					"@executable_path/Frameworks",
				);
				MARKETING_VERSION = 1.0;
				PRODUCT_BUNDLE_IDENTIFIER = "io.victorcastro.Artifan-POC";
				PRODUCT_NAME = "$(TARGET_NAME)";
				SUPPORTED_PLATFORMS = "iphoneos iphonesimulator";
				SUPPORTS_MACCATALYST = NO;
				SUPPORTS_MAC_DESIGNED_FOR_IPHONE_IPAD = NO;
				SWIFT_EMIT_LOC_STRINGS = YES;
				SWIFT_VERSION = 5.0;
				TARGETED_DEVICE_FAMILY = 1;
			};
			name = Debug;
		};
		CC02D4AA2C683D8A00C9A9ED /* Release */ = {
			isa = XCBuildConfiguration;
			buildSettings = {
				ASSETCATALOG_COMPILER_APPICON_NAME = AppIcon;
				ASSETCATALOG_COMPILER_GLOBAL_ACCENT_COLOR_NAME = AccentColor;
				CODE_SIGN_STYLE = Automatic;
				CURRENT_PROJECT_VERSION = 1;
				DEVELOPMENT_ASSET_PATHS = "\"Artifan-POC/Preview Content\"";
				DEVELOPMENT_TEAM = 4G9UQ8D789;
				ENABLE_PREVIEWS = YES;
				GENERATE_INFOPLIST_FILE = YES;
				INFOPLIST_FILE = "Artifan-POC/Info.plist";
				INFOPLIST_KEY_CFBundleDisplayName = "Artifan POC";
				INFOPLIST_KEY_LSApplicationCategoryType = "public.app-category.entertainment";
				INFOPLIST_KEY_UIApplicationSceneManifest_Generation = YES;
				INFOPLIST_KEY_UIApplicationSupportsIndirectInputEvents = YES;
				INFOPLIST_KEY_UILaunchScreen_Generation = YES;
				INFOPLIST_KEY_UISupportedInterfaceOrientations = UIInterfaceOrientationPortrait;
				INFOPLIST_KEY_UISupportedInterfaceOrientations_iPad = "UIInterfaceOrientationLandscapeLeft UIInterfaceOrientationLandscapeRight UIInterfaceOrientationPortrait UIInterfaceOrientationPortraitUpsideDown";
				LD_RUNPATH_SEARCH_PATHS = (
					"$(inherited)",
					"@executable_path/Frameworks",
				);
				MARKETING_VERSION = 1.0;
				PRODUCT_BUNDLE_IDENTIFIER = "io.victorcastro.Artifan-POC";
				PRODUCT_NAME = "$(TARGET_NAME)";
				SUPPORTED_PLATFORMS = "iphoneos iphonesimulator";
				SUPPORTS_MACCATALYST = NO;
				SUPPORTS_MAC_DESIGNED_FOR_IPHONE_IPAD = NO;
				SWIFT_EMIT_LOC_STRINGS = YES;
				SWIFT_VERSION = 5.0;
				TARGETED_DEVICE_FAMILY = 1;
			};
			name = Release;
		};
/* End XCBuildConfiguration section */

/* Begin XCConfigurationList section */
		CC02D4952C683D8900C9A9ED /* Build configuration list for PBXProject "Artifan-POC" */ = {
			isa = XCConfigurationList;
			buildConfigurations = (
				CC02D4A62C683D8A00C9A9ED /* Debug */,
				CC02D4A72C683D8A00C9A9ED /* Release */,
			);
			defaultConfigurationIsVisible = 0;
			defaultConfigurationName = Release;
		};
		CC02D4A82C683D8A00C9A9ED /* Build configuration list for PBXNativeTarget "Artifan-POC" */ = {
			isa = XCConfigurationList;
			buildConfigurations = (
				CC02D4A92C683D8A00C9A9ED /* Debug */,
				CC02D4AA2C683D8A00C9A9ED /* Release */,
			);
			defaultConfigurationIsVisible = 0;
			defaultConfigurationName = Release;
		};
/* End XCConfigurationList section */

/* Begin XCRemoteSwiftPackageReference section */
		CC2FB7132CABA41300A66921 /* XCRemoteSwiftPackageReference "AlertToast" */ = {
			isa = XCRemoteSwiftPackageReference;
			repositoryURL = "https://github.com/elai950/AlertToast?tab=readme-ov-file#swift-package-manager";
			requirement = {
				kind = upToNextMajorVersion;
				minimumVersion = 1.3.9;
			};
		};
		CC808CBB2CAA5AAE000124F4 /* XCRemoteSwiftPackageReference "lottie-ios" */ = {
			isa = XCRemoteSwiftPackageReference;
			repositoryURL = "git@github.com:airbnb/lottie-ios.git";
			requirement = {
				kind = upToNextMajorVersion;
				minimumVersion = 4.5.0;
			};
		};
		CCFC6E2B2C717DF6003089CE /* XCRemoteSwiftPackageReference "Kingfisher" */ = {
			isa = XCRemoteSwiftPackageReference;
			repositoryURL = "https://github.com/onevcat/Kingfisher";
			requirement = {
				kind = upToNextMajorVersion;
				minimumVersion = 7.12.0;
			};
		};
/* End XCRemoteSwiftPackageReference section */

/* Begin XCSwiftPackageProductDependency section */
		CC2FB7142CABA41300A66921 /* AlertToast */ = {
			isa = XCSwiftPackageProductDependency;
			package = CC2FB7132CABA41300A66921 /* XCRemoteSwiftPackageReference "AlertToast" */;
			productName = AlertToast;
		};
		CC808CBC2CAA5AAE000124F4 /* Lottie */ = {
			isa = XCSwiftPackageProductDependency;
			package = CC808CBB2CAA5AAE000124F4 /* XCRemoteSwiftPackageReference "lottie-ios" */;
			productName = Lottie;
		};
		CCFC6E2C2C717DF6003089CE /* Kingfisher */ = {
			isa = XCSwiftPackageProductDependency;
			package = CCFC6E2B2C717DF6003089CE /* XCRemoteSwiftPackageReference "Kingfisher" */;
			productName = Kingfisher;
		};
/* End XCSwiftPackageProductDependency section */
	};
	rootObject = CC02D4922C683D8900C9A9ED /* Project object */;
}
